PODS:
  - AppCenter (5.0.6):
    - AppCenter/Analytics (= 5.0.6)
    - AppCenter/Crashes (= 5.0.6)
  - AppCenter/Analytics (5.0.6):
    - AppCenter/Core
  - AppCenter/Core (5.0.6)
  - AppCenter/Crashes (5.0.6):
    - AppCenter/Core
  - LookinShared (1.2.7)
  - ReactiveObjC (3.1.0)
  - Sparkle (1.27.3)

DEPENDENCIES:
  - AppCenter
  - LookinShared (from `../LookinServer_cxz/`)
  - ReactiveObjC (= 3.1.0)
  - Sparkle (~> 1.0)

SPEC REPOS:
  trunk:
    - AppCenter
    - ReactiveObjC
    - Sparkle

EXTERNAL SOURCES:
  LookinShared:
    :path: "../LookinServer_cxz/"

SPEC CHECKSUMS:
  AppCenter: 395cc12b428b8fdf12e9f92294d93a55bac389e4
  LookinShared: 300ced445af0883f1e1e73f27e55acd570299fe1
  ReactiveObjC: 2a38ea15335de4119d8b17caf1db1484f61db902
  Sparkle: 9c92b492e4eedc1abe98ca77cb3ecc6f1223b01e

PODFILE CHECKSUM: 824d0c5ba544823419fac47d7eccc5578412b036

COCOAPODS: 1.16.2
